
Microsoft Visual Studio Solution File, Format Version 12.00
Project("{FAE04EC0-301F-11D3-BF4B-00C04F79EFBC}") = "HidApi.Net", "HidApi.Net\HidApi.Net.csproj", "{6C8C9CDE-4AEE-4010-A1BC-B364FE46E564}"
EndProject
Project("{2150E333-8FDC-42A3-9474-1A3956D46DE8}") = "SolutionItems", "SolutionItems", "{289DF505-DAF0-4DEC-B19F-CD7E3B5737ED}"
	ProjectSection(SolutionItems) = preProject
		..\.gitignore = ..\.gitignore
		..\license.txt = ..\license.txt
		..\.editorconfig = ..\.editorconfig
		..\.github\workflows\ci.yml = ..\.github\workflows\ci.yml
		..\.github\dependabot.yml = ..\.github\dependabot.yml
		Directory.Build.props = Directory.Build.props
	EndProjectSection
EndProject
Project("{FAE04EC0-301F-11D3-BF4B-00C04F79EFBC}") = "HidApi.Net.Benchmark", "HidApi.Net.Benchmark\HidApi.Net.Benchmark.csproj", "{0AFE95CC-90A8-490A-8FE5-2604A1BB13CE}"
EndProject
Project("{FAE04EC0-301F-11D3-BF4B-00C04F79EFBC}") = "HidApi.Net.Tester", "HidApi.Net.Tester\HidApi.Net.Tester.csproj", "{D7FE837A-D24D-4D56-B538-CCC6968DDF1E}"
EndProject
Project("{FAE04EC0-301F-11D3-BF4B-00C04F79EFBC}") = "HidApi.Net.Tests", "HidApi.Net.Tests\HidApi.Net.Tests.csproj", "{3F7CF192-630B-4981-963A-6BA97F8C65EA}"
EndProject
Global
	GlobalSection(SolutionConfigurationPlatforms) = preSolution
		Debug|Any CPU = Debug|Any CPU
		Release|Any CPU = Release|Any CPU
	EndGlobalSection
	GlobalSection(ProjectConfigurationPlatforms) = postSolution
		{6C8C9CDE-4AEE-4010-A1BC-B364FE46E564}.Debug|Any CPU.ActiveCfg = Debug|Any CPU
		{6C8C9CDE-4AEE-4010-A1BC-B364FE46E564}.Debug|Any CPU.Build.0 = Debug|Any CPU
		{6C8C9CDE-4AEE-4010-A1BC-B364FE46E564}.Release|Any CPU.ActiveCfg = Release|Any CPU
		{6C8C9CDE-4AEE-4010-A1BC-B364FE46E564}.Release|Any CPU.Build.0 = Release|Any CPU
		{0AFE95CC-90A8-490A-8FE5-2604A1BB13CE}.Debug|Any CPU.ActiveCfg = Debug|Any CPU
		{0AFE95CC-90A8-490A-8FE5-2604A1BB13CE}.Debug|Any CPU.Build.0 = Debug|Any CPU
		{0AFE95CC-90A8-490A-8FE5-2604A1BB13CE}.Release|Any CPU.ActiveCfg = Release|Any CPU
		{0AFE95CC-90A8-490A-8FE5-2604A1BB13CE}.Release|Any CPU.Build.0 = Release|Any CPU
		{D7FE837A-D24D-4D56-B538-CCC6968DDF1E}.Debug|Any CPU.ActiveCfg = Debug|Any CPU
		{D7FE837A-D24D-4D56-B538-CCC6968DDF1E}.Debug|Any CPU.Build.0 = Debug|Any CPU
		{D7FE837A-D24D-4D56-B538-CCC6968DDF1E}.Release|Any CPU.ActiveCfg = Release|Any CPU
		{D7FE837A-D24D-4D56-B538-CCC6968DDF1E}.Release|Any CPU.Build.0 = Release|Any CPU
		{3F7CF192-630B-4981-963A-6BA97F8C65EA}.Debug|Any CPU.ActiveCfg = Debug|Any CPU
		{3F7CF192-630B-4981-963A-6BA97F8C65EA}.Debug|Any CPU.Build.0 = Debug|Any CPU
		{3F7CF192-630B-4981-963A-6BA97F8C65EA}.Release|Any CPU.ActiveCfg = Release|Any CPU
		{3F7CF192-630B-4981-963A-6BA97F8C65EA}.Release|Any CPU.Build.0 = Release|Any CPU
	EndGlobalSection
EndGlobal
